
Microsoft Visual Studio Solution File, Format Version 12.00
# Visual Studio Version 17
VisualStudioVersion = 17.2.32317.152
MinimumVisualStudioVersion = 10.0.40219.1
Project("{FAE04EC0-301F-11D3-BF4B-00C04F79EFBC}") = "RsCapture", "RsCapture\RsCapture.csproj", "{71AEFA03-510A-462C-9A38-042CF94D04A2}"
EndProject
Global
	GlobalSection(SolutionConfigurationPlatforms) = preSolution
		Debug|Any CPU = Debug|Any CPU
		Release|Any CPU = Release|Any CPU
	EndGlobalSection
	GlobalSection(ProjectConfigurationPlatforms) = postSolution
		{71AEFA03-510A-462C-9A38-042CF94D04A2}.Debug|Any CPU.ActiveCfg = Debug|Any CPU
		{71AEFA03-510A-462C-9A38-042CF94D04A2}.Debug|Any CPU.Build.0 = Debug|Any CPU
		{71AEFA03-510A-462C-9A38-042CF94D04A2}.Release|Any CPU.ActiveCfg = Release|Any CPU
		{71AEFA03-510A-462C-9A38-042CF94D04A2}.Release|Any CPU.Build.0 = Release|Any CPU
	EndGlobalSection
	GlobalSection(SolutionProperties) = preSolution
		HideSolutionNode = FALSE
	EndGlobalSection
	GlobalSection(ExtensibilityGlobals) = postSolution
		SolutionGuid = {9474572A-2166-4A62-BA4C-9EDF9D1B3FFE}
	EndGlobalSection
EndGlobal
